
Microsoft Visual Studio Solution File, Format Version 12.00
# Visual Studio 2012
Project("{FAE04EC0-301F-11D3-BF4B-00C04F79EFBC}") = "Loops_Q2", "Loops_Q2\Loops_Q2.csproj", "{18DA77CB-2579-43ED-A839-D0E6400D7FE8}"
EndProject
Global
	GlobalSection(SolutionConfigurationPlatforms) = preSolution
		Debug|Any CPU = Debug|Any CPU
		Release|Any CPU = Release|Any CPU
	EndGlobalSection
	GlobalSection(ProjectConfigurationPlatforms) = postSolution
		{18DA77CB-2579-43ED-A839-D0E6400D7FE8}.Debug|Any CPU.ActiveCfg = Debug|Any CPU
		{18DA77CB-2579-43ED-A839-D0E6400D7FE8}.Debug|Any CPU.Build.0 = Debug|Any CPU
		{18DA77CB-2579-43ED-A839-D0E6400D7FE8}.Release|Any CPU.ActiveCfg = Release|Any CPU
		{18DA77CB-2579-43ED-A839-D0E6400D7FE8}.Release|Any CPU.Build.0 = Release|Any CPU
	EndGlobalSection
	GlobalSection(SolutionProperties) = preSolution
		HideSolutionNode = FALSE
	EndGlobalSection
EndGlobal
