
Microsoft Visual Studio Solution File, Format Version 12.00
# Visual Studio 2012
Project("{FAE04EC0-301F-11D3-BF4B-00C04F79EFBC}") = "password_strength", "password_strength\password_strength.csproj", "{BA827319-82A2-443B-B171-007821482A9A}"
EndProject
Global
	GlobalSection(SolutionConfigurationPlatforms) = preSolution
		Debug|Any CPU = Debug|Any CPU
		Release|Any CPU = Release|Any CPU
	EndGlobalSection
	GlobalSection(ProjectConfigurationPlatforms) = postSolution
		{BA827319-82A2-443B-B171-007821482A9A}.Debug|Any CPU.ActiveCfg = Debug|Any CPU
		{BA827319-82A2-443B-B171-007821482A9A}.Debug|Any CPU.Build.0 = Debug|Any CPU
		{BA827319-82A2-443B-B171-007821482A9A}.Release|Any CPU.ActiveCfg = Release|Any CPU
		{BA827319-82A2-443B-B171-007821482A9A}.Release|Any CPU.Build.0 = Release|Any CPU
	EndGlobalSection
	GlobalSection(SolutionProperties) = preSolution
		HideSolutionNode = FALSE
	EndGlobalSection
EndGlobal
